
Microsoft Visual Studio Solution File, Format Version 12.00
# Visual Studio Version 16
VisualStudioVersion = 16.0.30523.141
MinimumVisualStudioVersion = 10.0.40219.1
Project("{FAE04EC0-301F-11D3-BF4B-00C04F79EFBC}") = "OOP2", "OOP2\OOP2.csproj", "{BEAC207A-3759-4DB6-ABB5-088B13058BB9}"
EndProject
Global
	GlobalSection(SolutionConfigurationPlatforms) = preSolution
		Debug|Any CPU = Debug|Any CPU
		Release|Any CPU = Release|Any CPU
	EndGlobalSection
	GlobalSection(ProjectConfigurationPlatforms) = postSolution
		{BEAC207A-3759-4DB6-ABB5-088B13058BB9}.Debug|Any CPU.ActiveCfg = Debug|Any CPU
		{BEAC207A-3759-4DB6-ABB5-088B13058BB9}.Debug|Any CPU.Build.0 = Debug|Any CPU
		{BEAC207A-3759-4DB6-ABB5-088B13058BB9}.Release|Any CPU.ActiveCfg = Release|Any CPU
		{BEAC207A-3759-4DB6-ABB5-088B13058BB9}.Release|Any CPU.Build.0 = Release|Any CPU
	EndGlobalSection
	GlobalSection(SolutionProperties) = preSolution
		HideSolutionNode = FALSE
	EndGlobalSection
	GlobalSection(ExtensibilityGlobals) = postSolution
		SolutionGuid = {3E06E44E-602A-4F67-B0F7-92C2D203F953}
	EndGlobalSection
EndGlobal
